
Microsoft Visual Studio Solution File, Format Version 12.00
# Visual Studio Version 17
VisualStudioVersion = 17.10.35013.160
MinimumVisualStudioVersion = 10.0.40219.1
Project("{9A19103F-16F7-4668-BE54-9A1E7A4F7556}") = "Microservis1.API", "Microservis1.API\Microservis1.API.csproj", "{7EF12140-26BF-472D-8514-CA8B59CF6167}"
EndProject
Project("{9A19103F-16F7-4668-BE54-9A1E7A4F7556}") = "Microservis2.API", "Microservis2.API\Microservis2.API.csproj", "{C76F97DA-5DBD-4D1B-A63B-4F1EC4FB634C}"
EndProject
Project("{E53339B2-1760-4266-BCC7-CA923CBCF16C}") = "docker-compose", "docker-compose.dcproj", "{32CE82CE-F840-40E2-83EE-7927BA276A2A}"
EndProject
Project("{2150E333-8FDC-42A3-9474-1A3956D46DE8}") = "Solution Items", "Solution Items", "{2335B361-D215-4ED9-9FAB-5427C68F61DA}"
	ProjectSection(SolutionItems) = preProject
		.env = .env
	EndProjectSection
EndProject
Global
	GlobalSection(SolutionConfigurationPlatforms) = preSolution
		Debug|Any CPU = Debug|Any CPU
		Release|Any CPU = Release|Any CPU
	EndGlobalSection
	GlobalSection(ProjectConfigurationPlatforms) = postSolution
		{7EF12140-26BF-472D-8514-CA8B59CF6167}.Debug|Any CPU.ActiveCfg = Debug|Any CPU
		{7EF12140-26BF-472D-8514-CA8B59CF6167}.Debug|Any CPU.Build.0 = Debug|Any CPU
		{7EF12140-26BF-472D-8514-CA8B59CF6167}.Release|Any CPU.ActiveCfg = Release|Any CPU
		{7EF12140-26BF-472D-8514-CA8B59CF6167}.Release|Any CPU.Build.0 = Release|Any CPU
		{C76F97DA-5DBD-4D1B-A63B-4F1EC4FB634C}.Debug|Any CPU.ActiveCfg = Debug|Any CPU
		{C76F97DA-5DBD-4D1B-A63B-4F1EC4FB634C}.Debug|Any CPU.Build.0 = Debug|Any CPU
		{C76F97DA-5DBD-4D1B-A63B-4F1EC4FB634C}.Release|Any CPU.ActiveCfg = Release|Any CPU
		{C76F97DA-5DBD-4D1B-A63B-4F1EC4FB634C}.Release|Any CPU.Build.0 = Release|Any CPU
		{32CE82CE-F840-40E2-83EE-7927BA276A2A}.Debug|Any CPU.ActiveCfg = Debug|Any CPU
		{32CE82CE-F840-40E2-83EE-7927BA276A2A}.Debug|Any CPU.Build.0 = Debug|Any CPU
		{32CE82CE-F840-40E2-83EE-7927BA276A2A}.Release|Any CPU.ActiveCfg = Release|Any CPU
		{32CE82CE-F840-40E2-83EE-7927BA276A2A}.Release|Any CPU.Build.0 = Release|Any CPU
	EndGlobalSection
	GlobalSection(SolutionProperties) = preSolution
		HideSolutionNode = FALSE
	EndGlobalSection
	GlobalSection(ExtensibilityGlobals) = postSolution
		SolutionGuid = {601CA00E-8AC4-409C-AA79-D9CB505E9632}
	EndGlobalSection
EndGlobal
